
Microsoft Visual Studio Solution File, Format Version 12.00
# Visual Studio Version 16
VisualStudioVersion = 16.0.30330.147
MinimumVisualStudioVersion = 10.0.40219.1
Project("{9A19103F-16F7-4668-BE54-9A1E7A4F7556}") = "DisariumNumber", "DisariumNumber\DisariumNumber.csproj", "{B20A8BB6-4892-43FC-AA6B-7CB297DD26C4}"
EndProject
Project("{9A19103F-16F7-4668-BE54-9A1E7A4F7556}") = "DisariumNumberTests", "DisariumNumberTests\DisariumNumberTests.csproj", "{0620D0CF-E3D7-4ED8-85EE-FE2A8CF77BEE}"
EndProject
Project("{9A19103F-16F7-4668-BE54-9A1E7A4F7556}") = "ExtraPerfectNumbers", "ExtraPerfectNumbers\ExtraPerfectNumbers.csproj", "{4A0A977C-0C9E-4297-9B9E-F065A1F0935B}"
EndProject
Project("{9A19103F-16F7-4668-BE54-9A1E7A4F7556}") = "ExtraPerfectNumbersTests", "ExtraPerfectNumbersTests\ExtraPerfectNumbersTests.csproj", "{8D044441-D7B7-47C5-AEDD-3B5F96BEE3F9}"
EndProject
Project("{9A19103F-16F7-4668-BE54-9A1E7A4F7556}") = "NthPowerRulesThemAll", "NthPowerRulesThemAll\NthPowerRulesThemAll.csproj", "{424E3D47-59A8-4D59-8C70-135AFF17F3C2}"
EndProject
Project("{9A19103F-16F7-4668-BE54-9A1E7A4F7556}") = "NthPowerRulesThemAllTests", "NthPowerRulesThemAllTests\NthPowerRulesThemAllTests.csproj", "{C6308955-D35B-4311-A351-CEDC9C20EAB8}"
EndProject
Project("{9A19103F-16F7-4668-BE54-9A1E7A4F7556}") = "HowManyConsecutiveNumbersNeeded", "HowManyConsecutiveNumbersNeeded\HowManyConsecutiveNumbersNeeded.csproj", "{F643630E-23CD-4F5F-A3D2-E078DA527C22}"
EndProject
Project("{9A19103F-16F7-4668-BE54-9A1E7A4F7556}") = "HowManyConsecutiveNumbersNeededTests", "HowManyConsecutiveNumbersNeededTests\HowManyConsecutiveNumbersNeededTests.csproj", "{7413BC26-92EF-445C-B65E-1B229CE1B5C7}"
EndProject
Project("{9A19103F-16F7-4668-BE54-9A1E7A4F7556}") = "RowWeights", "RowWeights\RowWeights.csproj", "{C9272321-B973-456B-8649-4E715CF8D6E6}"
EndProject
Project("{9A19103F-16F7-4668-BE54-9A1E7A4F7556}") = "RowWeightsTests", "RowWeightsTests\RowWeightsTests.csproj", "{DE1B46C6-8A11-4C0C-968A-74441B9CBCE5}"
EndProject
Project("{9A19103F-16F7-4668-BE54-9A1E7A4F7556}") = "FunctionsOfIntegersOnCartesianPlane", "FunctionsOfIntegersOnCartesianPlane\FunctionsOfIntegersOnCartesianPlane.csproj", "{8B1D31CC-139A-4896-978E-4B7492B97CD7}"
EndProject
Project("{9A19103F-16F7-4668-BE54-9A1E7A4F7556}") = "FunctionsOfIntegersOnCartesianPlaneTests", "FunctionsOfIntegersOnCartesianPlaneTests\FunctionsOfIntegersOnCartesianPlaneTests.csproj", "{6CEB2B2B-9DBE-4A1E-B975-20C002E725F9}"
EndProject
Project("{9A19103F-16F7-4668-BE54-9A1E7A4F7556}") = "SimpleDirectionsReversal", "SimpleDirectionsReversal\SimpleDirectionsReversal.csproj", "{854196C9-197B-41EF-B4EC-87797846C861}"
EndProject
Project("{9A19103F-16F7-4668-BE54-9A1E7A4F7556}") = "SimpleDirectionsReversalTests", "SimpleDirectionsReversalTests\SimpleDirectionsReversalTests.csproj", "{3D3F17D5-06D1-485D-B645-51381873DDD4}"
EndProject
Project("{9A19103F-16F7-4668-BE54-9A1E7A4F7556}") = "MinimizeSumOfArray", "MinimizeSumOfArray\MinimizeSumOfArray.csproj", "{C699DB27-51B6-4930-BF94-A24D1ECB4DA4}"
EndProject
Project("{9A19103F-16F7-4668-BE54-9A1E7A4F7556}") = "MinimizeSumOfArrayTests", "MinimizeSumOfArrayTests\MinimizeSumOfArrayTests.csproj", "{9E1D1EB4-3721-41AB-9755-74956ABDE0AE}"
EndProject
Project("{9A19103F-16F7-4668-BE54-9A1E7A4F7556}") = "AutomorphicNumber", "AutomorphicNumber\AutomorphicNumber.csproj", "{CAF118E5-3E0B-4EFF-8189-4E12B48ED610}"
EndProject
Project("{9A19103F-16F7-4668-BE54-9A1E7A4F7556}") = "AutomorphicNumberTests", "AutomorphicNumberTests\AutomorphicNumberTests.csproj", "{1EFFB115-4695-46D3-8435-8952F4649C13}"
EndProject
Project("{9A19103F-16F7-4668-BE54-9A1E7A4F7556}") = "SimpleBeadsCount", "SimpleBeadsCount\SimpleBeadsCount.csproj", "{14D7A9BB-3C1B-49FD-9424-2579ECA65379}"
EndProject
Project("{9A19103F-16F7-4668-BE54-9A1E7A4F7556}") = "SimpleBeadsCountTests", "SimpleBeadsCountTests\SimpleBeadsCountTests.csproj", "{A7F8BDFA-5E33-4034-80E8-9C2FA481D62D}"
EndProject
Project("{9A19103F-16F7-4668-BE54-9A1E7A4F7556}") = "ORingArrays", "ORingArrays\ORingArrays.csproj", "{4C226814-6E88-4D35-9EFD-91D302D90F68}"
EndProject
Project("{9A19103F-16F7-4668-BE54-9A1E7A4F7556}") = "ORingArraysTests", "ORingArraysTests\ORingArraysTests.csproj", "{8C15F004-1E35-4527-BAA1-41B3649C324B}"
EndProject
Project("{FAE04EC0-301F-11D3-BF4B-00C04F79EFBC}") = "ArrayLeaders", "ArrayLeaders\ArrayLeaders.csproj", "{F1D57386-212C-4C00-B31C-A2B932F6D650}"
EndProject
Project("{FAE04EC0-301F-11D3-BF4B-00C04F79EFBC}") = "ArrayLeadersTests", "ArrayLeadersTests\ArrayLeadersTests.csproj", "{3FFB25E9-D811-4325-A83C-376293B33D0D}"
EndProject
Global
	GlobalSection(SolutionConfigurationPlatforms) = preSolution
		Debug|Any CPU = Debug|Any CPU
		Release|Any CPU = Release|Any CPU
	EndGlobalSection
	GlobalSection(ProjectConfigurationPlatforms) = postSolution
		{B20A8BB6-4892-43FC-AA6B-7CB297DD26C4}.Debug|Any CPU.ActiveCfg = Debug|Any CPU
		{B20A8BB6-4892-43FC-AA6B-7CB297DD26C4}.Debug|Any CPU.Build.0 = Debug|Any CPU
		{B20A8BB6-4892-43FC-AA6B-7CB297DD26C4}.Release|Any CPU.ActiveCfg = Release|Any CPU
		{B20A8BB6-4892-43FC-AA6B-7CB297DD26C4}.Release|Any CPU.Build.0 = Release|Any CPU
		{0620D0CF-E3D7-4ED8-85EE-FE2A8CF77BEE}.Debug|Any CPU.ActiveCfg = Debug|Any CPU
		{0620D0CF-E3D7-4ED8-85EE-FE2A8CF77BEE}.Debug|Any CPU.Build.0 = Debug|Any CPU
		{0620D0CF-E3D7-4ED8-85EE-FE2A8CF77BEE}.Release|Any CPU.ActiveCfg = Release|Any CPU
		{0620D0CF-E3D7-4ED8-85EE-FE2A8CF77BEE}.Release|Any CPU.Build.0 = Release|Any CPU
		{4A0A977C-0C9E-4297-9B9E-F065A1F0935B}.Debug|Any CPU.ActiveCfg = Debug|Any CPU
		{4A0A977C-0C9E-4297-9B9E-F065A1F0935B}.Debug|Any CPU.Build.0 = Debug|Any CPU
		{4A0A977C-0C9E-4297-9B9E-F065A1F0935B}.Release|Any CPU.ActiveCfg = Release|Any CPU
		{4A0A977C-0C9E-4297-9B9E-F065A1F0935B}.Release|Any CPU.Build.0 = Release|Any CPU
		{8D044441-D7B7-47C5-AEDD-3B5F96BEE3F9}.Debug|Any CPU.ActiveCfg = Debug|Any CPU
		{8D044441-D7B7-47C5-AEDD-3B5F96BEE3F9}.Debug|Any CPU.Build.0 = Debug|Any CPU
		{8D044441-D7B7-47C5-AEDD-3B5F96BEE3F9}.Release|Any CPU.ActiveCfg = Release|Any CPU
		{8D044441-D7B7-47C5-AEDD-3B5F96BEE3F9}.Release|Any CPU.Build.0 = Release|Any CPU
		{424E3D47-59A8-4D59-8C70-135AFF17F3C2}.Debug|Any CPU.ActiveCfg = Debug|Any CPU
		{424E3D47-59A8-4D59-8C70-135AFF17F3C2}.Debug|Any CPU.Build.0 = Debug|Any CPU
		{424E3D47-59A8-4D59-8C70-135AFF17F3C2}.Release|Any CPU.ActiveCfg = Release|Any CPU
		{424E3D47-59A8-4D59-8C70-135AFF17F3C2}.Release|Any CPU.Build.0 = Release|Any CPU
		{C6308955-D35B-4311-A351-CEDC9C20EAB8}.Debug|Any CPU.ActiveCfg = Debug|Any CPU
		{C6308955-D35B-4311-A351-CEDC9C20EAB8}.Debug|Any CPU.Build.0 = Debug|Any CPU
		{C6308955-D35B-4311-A351-CEDC9C20EAB8}.Release|Any CPU.ActiveCfg = Release|Any CPU
		{C6308955-D35B-4311-A351-CEDC9C20EAB8}.Release|Any CPU.Build.0 = Release|Any CPU
		{F643630E-23CD-4F5F-A3D2-E078DA527C22}.Debug|Any CPU.ActiveCfg = Debug|Any CPU
		{F643630E-23CD-4F5F-A3D2-E078DA527C22}.Debug|Any CPU.Build.0 = Debug|Any CPU
		{F643630E-23CD-4F5F-A3D2-E078DA527C22}.Release|Any CPU.ActiveCfg = Release|Any CPU
		{F643630E-23CD-4F5F-A3D2-E078DA527C22}.Release|Any CPU.Build.0 = Release|Any CPU
		{7413BC26-92EF-445C-B65E-1B229CE1B5C7}.Debug|Any CPU.ActiveCfg = Debug|Any CPU
		{7413BC26-92EF-445C-B65E-1B229CE1B5C7}.Debug|Any CPU.Build.0 = Debug|Any CPU
		{7413BC26-92EF-445C-B65E-1B229CE1B5C7}.Release|Any CPU.ActiveCfg = Release|Any CPU
		{7413BC26-92EF-445C-B65E-1B229CE1B5C7}.Release|Any CPU.Build.0 = Release|Any CPU
		{C9272321-B973-456B-8649-4E715CF8D6E6}.Debug|Any CPU.ActiveCfg = Debug|Any CPU
		{C9272321-B973-456B-8649-4E715CF8D6E6}.Debug|Any CPU.Build.0 = Debug|Any CPU
		{C9272321-B973-456B-8649-4E715CF8D6E6}.Release|Any CPU.ActiveCfg = Release|Any CPU
		{C9272321-B973-456B-8649-4E715CF8D6E6}.Release|Any CPU.Build.0 = Release|Any CPU
		{DE1B46C6-8A11-4C0C-968A-74441B9CBCE5}.Debug|Any CPU.ActiveCfg = Debug|Any CPU
		{DE1B46C6-8A11-4C0C-968A-74441B9CBCE5}.Debug|Any CPU.Build.0 = Debug|Any CPU
		{DE1B46C6-8A11-4C0C-968A-74441B9CBCE5}.Release|Any CPU.ActiveCfg = Release|Any CPU
		{DE1B46C6-8A11-4C0C-968A-74441B9CBCE5}.Release|Any CPU.Build.0 = Release|Any CPU
		{8B1D31CC-139A-4896-978E-4B7492B97CD7}.Debug|Any CPU.ActiveCfg = Debug|Any CPU
		{8B1D31CC-139A-4896-978E-4B7492B97CD7}.Debug|Any CPU.Build.0 = Debug|Any CPU
		{8B1D31CC-139A-4896-978E-4B7492B97CD7}.Release|Any CPU.ActiveCfg = Release|Any CPU
		{8B1D31CC-139A-4896-978E-4B7492B97CD7}.Release|Any CPU.Build.0 = Release|Any CPU
		{6CEB2B2B-9DBE-4A1E-B975-20C002E725F9}.Debug|Any CPU.ActiveCfg = Debug|Any CPU
		{6CEB2B2B-9DBE-4A1E-B975-20C002E725F9}.Debug|Any CPU.Build.0 = Debug|Any CPU
		{6CEB2B2B-9DBE-4A1E-B975-20C002E725F9}.Release|Any CPU.ActiveCfg = Release|Any CPU
		{6CEB2B2B-9DBE-4A1E-B975-20C002E725F9}.Release|Any CPU.Build.0 = Release|Any CPU
		{854196C9-197B-41EF-B4EC-87797846C861}.Debug|Any CPU.ActiveCfg = Debug|Any CPU
		{854196C9-197B-41EF-B4EC-87797846C861}.Debug|Any CPU.Build.0 = Debug|Any CPU
		{854196C9-197B-41EF-B4EC-87797846C861}.Release|Any CPU.ActiveCfg = Release|Any CPU
		{854196C9-197B-41EF-B4EC-87797846C861}.Release|Any CPU.Build.0 = Release|Any CPU
		{3D3F17D5-06D1-485D-B645-51381873DDD4}.Debug|Any CPU.ActiveCfg = Debug|Any CPU
		{3D3F17D5-06D1-485D-B645-51381873DDD4}.Debug|Any CPU.Build.0 = Debug|Any CPU
		{3D3F17D5-06D1-485D-B645-51381873DDD4}.Release|Any CPU.ActiveCfg = Release|Any CPU
		{3D3F17D5-06D1-485D-B645-51381873DDD4}.Release|Any CPU.Build.0 = Release|Any CPU
		{C699DB27-51B6-4930-BF94-A24D1ECB4DA4}.Debug|Any CPU.ActiveCfg = Debug|Any CPU
		{C699DB27-51B6-4930-BF94-A24D1ECB4DA4}.Debug|Any CPU.Build.0 = Debug|Any CPU
		{C699DB27-51B6-4930-BF94-A24D1ECB4DA4}.Release|Any CPU.ActiveCfg = Release|Any CPU
		{C699DB27-51B6-4930-BF94-A24D1ECB4DA4}.Release|Any CPU.Build.0 = Release|Any CPU
		{9E1D1EB4-3721-41AB-9755-74956ABDE0AE}.Debug|Any CPU.ActiveCfg = Debug|Any CPU
		{9E1D1EB4-3721-41AB-9755-74956ABDE0AE}.Debug|Any CPU.Build.0 = Debug|Any CPU
		{9E1D1EB4-3721-41AB-9755-74956ABDE0AE}.Release|Any CPU.ActiveCfg = Release|Any CPU
		{9E1D1EB4-3721-41AB-9755-74956ABDE0AE}.Release|Any CPU.Build.0 = Release|Any CPU
		{CAF118E5-3E0B-4EFF-8189-4E12B48ED610}.Debug|Any CPU.ActiveCfg = Debug|Any CPU
		{CAF118E5-3E0B-4EFF-8189-4E12B48ED610}.Debug|Any CPU.Build.0 = Debug|Any CPU
		{CAF118E5-3E0B-4EFF-8189-4E12B48ED610}.Release|Any CPU.ActiveCfg = Release|Any CPU
		{CAF118E5-3E0B-4EFF-8189-4E12B48ED610}.Release|Any CPU.Build.0 = Release|Any CPU
		{1EFFB115-4695-46D3-8435-8952F4649C13}.Debug|Any CPU.ActiveCfg = Debug|Any CPU
		{1EFFB115-4695-46D3-8435-8952F4649C13}.Debug|Any CPU.Build.0 = Debug|Any CPU
		{1EFFB115-4695-46D3-8435-8952F4649C13}.Release|Any CPU.ActiveCfg = Release|Any CPU
		{1EFFB115-4695-46D3-8435-8952F4649C13}.Release|Any CPU.Build.0 = Release|Any CPU
		{14D7A9BB-3C1B-49FD-9424-2579ECA65379}.Debug|Any CPU.ActiveCfg = Debug|Any CPU
		{14D7A9BB-3C1B-49FD-9424-2579ECA65379}.Debug|Any CPU.Build.0 = Debug|Any CPU
		{14D7A9BB-3C1B-49FD-9424-2579ECA65379}.Release|Any CPU.ActiveCfg = Release|Any CPU
		{14D7A9BB-3C1B-49FD-9424-2579ECA65379}.Release|Any CPU.Build.0 = Release|Any CPU
		{A7F8BDFA-5E33-4034-80E8-9C2FA481D62D}.Debug|Any CPU.ActiveCfg = Debug|Any CPU
		{A7F8BDFA-5E33-4034-80E8-9C2FA481D62D}.Debug|Any CPU.Build.0 = Debug|Any CPU
		{A7F8BDFA-5E33-4034-80E8-9C2FA481D62D}.Release|Any CPU.ActiveCfg = Release|Any CPU
		{A7F8BDFA-5E33-4034-80E8-9C2FA481D62D}.Release|Any CPU.Build.0 = Release|Any CPU
		{4C226814-6E88-4D35-9EFD-91D302D90F68}.Debug|Any CPU.ActiveCfg = Debug|Any CPU
		{4C226814-6E88-4D35-9EFD-91D302D90F68}.Debug|Any CPU.Build.0 = Debug|Any CPU
		{4C226814-6E88-4D35-9EFD-91D302D90F68}.Release|Any CPU.ActiveCfg = Release|Any CPU
		{4C226814-6E88-4D35-9EFD-91D302D90F68}.Release|Any CPU.Build.0 = Release|Any CPU
		{8C15F004-1E35-4527-BAA1-41B3649C324B}.Debug|Any CPU.ActiveCfg = Debug|Any CPU
		{8C15F004-1E35-4527-BAA1-41B3649C324B}.Debug|Any CPU.Build.0 = Debug|Any CPU
		{8C15F004-1E35-4527-BAA1-41B3649C324B}.Release|Any CPU.ActiveCfg = Release|Any CPU
		{8C15F004-1E35-4527-BAA1-41B3649C324B}.Release|Any CPU.Build.0 = Release|Any CPU
		{F1D57386-212C-4C00-B31C-A2B932F6D650}.Debug|Any CPU.ActiveCfg = Debug|Any CPU
		{F1D57386-212C-4C00-B31C-A2B932F6D650}.Debug|Any CPU.Build.0 = Debug|Any CPU
		{F1D57386-212C-4C00-B31C-A2B932F6D650}.Release|Any CPU.ActiveCfg = Release|Any CPU
		{F1D57386-212C-4C00-B31C-A2B932F6D650}.Release|Any CPU.Build.0 = Release|Any CPU
		{3FFB25E9-D811-4325-A83C-376293B33D0D}.Debug|Any CPU.ActiveCfg = Debug|Any CPU
		{3FFB25E9-D811-4325-A83C-376293B33D0D}.Debug|Any CPU.Build.0 = Debug|Any CPU
		{3FFB25E9-D811-4325-A83C-376293B33D0D}.Release|Any CPU.ActiveCfg = Release|Any CPU
		{3FFB25E9-D811-4325-A83C-376293B33D0D}.Release|Any CPU.Build.0 = Release|Any CPU
	EndGlobalSection
	GlobalSection(SolutionProperties) = preSolution
		HideSolutionNode = FALSE
	EndGlobalSection
	GlobalSection(ExtensibilityGlobals) = postSolution
		SolutionGuid = {24162343-D6A8-4AFD-81C6-4DEF66D8F67D}
	EndGlobalSection
EndGlobal
